{
  "originHash" : "5cd8387b64caf2be3cc0908438bc83161c50c4ce1a051d60e64a74f0243bb62f",
  "pins" : [
    {
      "identity" : "swiftnetworkwrap",
      "kind" : "remoteSourceControl",
      "location" : "https://github.com/phuongddx/SwiftNetworkWrap.git",
      "state" : {
        "branch" : "master",
        "revision" : "3f727153d5795fea47477a7be42367bcd03136a9"
      }
    }
  ],
  "version" : 3
}
