{
  "originHash" : "1da3af9e6f1932612ae22d13a9ed2782dcc6c6efad39467d972689a6e3808056",
  "pins" : [
    {
      "identity" : "swiftnetworkwrap",
      "kind" : "remoteSourceControl",
      "location" : "https://github.com/phuongddx/SwiftNetworkWrap.git",
      "state" : {
        "branch" : "master",
        "revision" : "f759005c4297bfa3ad462107696f9bde6bd0645d"
      }
    }
  ],
  "version" : 3
}
